
Microsoft Visual Studio Solution File, Format Version 12.00
# Visual Studio Version 16
VisualStudioVersion = 16.0.30717.126
MinimumVisualStudioVersion = 10.0.40219.1
Project("{FAE04EC0-301F-11D3-BF4B-00C04F79EFBC}") = "Eco Mod Project", "Eco Mod Project.csproj", "{17149DDE-49AC-475D-B309-FA3C53201915}"
EndProject
Global
	GlobalSection(SolutionConfigurationPlatforms) = preSolution
		Debug|Any CPU = Debug|Any CPU
		Release|Any CPU = Release|Any CPU
	EndGlobalSection
	GlobalSection(ProjectConfigurationPlatforms) = postSolution
		{17149DDE-49AC-475D-B309-FA3C53201915}.Debug|Any CPU.ActiveCfg = Debug|Any CPU
		{17149DDE-49AC-475D-B309-FA3C53201915}.Debug|Any CPU.Build.0 = Debug|Any CPU
		{17149DDE-49AC-475D-B309-FA3C53201915}.Release|Any CPU.ActiveCfg = Release|Any CPU
		{17149DDE-49AC-475D-B309-FA3C53201915}.Release|Any CPU.Build.0 = Release|Any CPU
	EndGlobalSection
	GlobalSection(SolutionProperties) = preSolution
		HideSolutionNode = FALSE
	EndGlobalSection
	GlobalSection(ExtensibilityGlobals) = postSolution
		SolutionGuid = {40C7B680-8A57-4FF2-85F6-05C03B0F803F}
	EndGlobalSection
EndGlobal
